// !$*UTF8*$!
{
	archiveVersion = 1;
	classes = {
	};
	objectVersion = 56;
	objects = {

/* Begin PBXBuildFile section */
		61319EB42BA46AB7000F7B23 /* SettingsViewModel.swift in Sources */ = {isa = PBXBuildFile; fileRef = 61319EB32BA46AB7000F7B23 /* SettingsViewModel.swift */; };
		61319EB62BA46AEE000F7B23 /* SettingsView.swift in Sources */ = {isa = PBXBuildFile; fileRef = 61319EB52BA46AEE000F7B23 /* SettingsView.swift */; };
		6132EB9B2B0F97F900263101 /* MainView.swift in Sources */ = {isa = PBXBuildFile; fileRef = 6132EB9A2B0F97F900263101 /* MainView.swift */; };
		6163BBC42B9A038F00A3EF93 /* AccelerometerDataView.swift in Sources */ = {isa = PBXBuildFile; fileRef = 6163BBC32B9A038F00A3EF93 /* AccelerometerDataView.swift */; };
		6163BBC72B9A15F500A3EF93 /* FirebaseAuth in Frameworks */ = {isa = PBXBuildFile; productRef = 6163BBC62B9A15F500A3EF93 /* FirebaseAuth */; };
		6163BBC92B9A15F500A3EF93 /* FirebaseFirestore in Frameworks */ = {isa = PBXBuildFile; productRef = 6163BBC82B9A15F500A3EF93 /* FirebaseFirestore */; };
		6163BBCB2B9A15F500A3EF93 /* FirebaseFirestoreSwift in Frameworks */ = {isa = PBXBuildFile; productRef = 6163BBCA2B9A15F500A3EF93 /* FirebaseFirestoreSwift */; };
		6163BBCD2B9A15F500A3EF93 /* FirebaseMLModelDownloader in Frameworks */ = {isa = PBXBuildFile; productRef = 6163BBCC2B9A15F500A3EF93 /* FirebaseMLModelDownloader */; };
		616E112E2BA46E8400C727D6 /* GoogleService-Info.plist in Resources */ = {isa = PBXBuildFile; fileRef = 616E112D2BA46E8400C727D6 /* GoogleService-Info.plist */; };
		616E11302BA47A4C00C727D6 /* AuthViewModel.swift in Sources */ = {isa = PBXBuildFile; fileRef = 616E112F2BA47A4C00C727D6 /* AuthViewModel.swift */; };
		616E11322BA47A9D00C727D6 /* LoginView.swift in Sources */ = {isa = PBXBuildFile; fileRef = 616E11312BA47A9D00C727D6 /* LoginView.swift */; };
		6177F5A82BD18C4E00F121C6 /* LoadingView.swift in Sources */ = {isa = PBXBuildFile; fileRef = 6177F5A72BD18C4E00F121C6 /* LoadingView.swift */; };
		61841D5C2B06C2F200AA90DC /* Workplace_Health_MonitorApp.swift in Sources */ = {isa = PBXBuildFile; fileRef = 61841D5B2B06C2F200AA90DC /* Workplace_Health_MonitorApp.swift */; };
		61841D5E2B06C2F200AA90DC /* MotionActivityView.swift in Sources */ = {isa = PBXBuildFile; fileRef = 61841D5D2B06C2F200AA90DC /* MotionActivityView.swift */; };
		61841D602B06C2F300AA90DC /* Assets.xcassets in Resources */ = {isa = PBXBuildFile; fileRef = 61841D5F2B06C2F300AA90DC /* Assets.xcassets */; };
		61841D632B06C2F300AA90DC /* Preview Assets.xcassets in Resources */ = {isa = PBXBuildFile; fileRef = 61841D622B06C2F300AA90DC /* Preview Assets.xcassets */; };
		61841D872B06C77B00AA90DC /* CoreMotion.framework in Frameworks */ = {isa = PBXBuildFile; fileRef = 61841D862B06C77B00AA90DC /* CoreMotion.framework */; settings = {ATTRIBUTES = (Required, ); }; };
		61841D892B06C87100AA90DC /* ActivityViewModel.swift in Sources */ = {isa = PBXBuildFile; fileRef = 61841D882B06C87100AA90DC /* ActivityViewModel.swift */; };
		61841D902B06CEDA00AA90DC /* StepCounterView.swift in Sources */ = {isa = PBXBuildFile; fileRef = 61841D8F2B06CEDA00AA90DC /* StepCounterView.swift */; };
		61A84E012B194E2500F6078C /* HomeView.swift in Sources */ = {isa = PBXBuildFile; fileRef = 61A84E002B194E2500F6078C /* HomeView.swift */; };
		61A84E072B1965C500F6078C /* ActivityTrackerViewModel.swift in Sources */ = {isa = PBXBuildFile; fileRef = 61A84E062B1965C500F6078C /* ActivityTrackerViewModel.swift */; };
		61CFFE472B9640010076948C /* MotionManager.swift in Sources */ = {isa = PBXBuildFile; fileRef = 61CFFE462B9640010076948C /* MotionManager.swift */; };
/* End PBXBuildFile section */

/* Begin PBXFileReference section */
		61319EB32BA46AB7000F7B23 /* SettingsViewModel.swift */ = {isa = PBXFileReference; lastKnownFileType = sourcecode.swift; path = SettingsViewModel.swift; sourceTree = "<group>"; };
		61319EB52BA46AEE000F7B23 /* SettingsView.swift */ = {isa = PBXFileReference; lastKnownFileType = sourcecode.swift; path = SettingsView.swift; sourceTree = "<group>"; };
		6132EB9A2B0F97F900263101 /* MainView.swift */ = {isa = PBXFileReference; lastKnownFileType = sourcecode.swift; path = MainView.swift; sourceTree = "<group>"; };
		6163BBC32B9A038F00A3EF93 /* AccelerometerDataView.swift */ = {isa = PBXFileReference; lastKnownFileType = sourcecode.swift; path = AccelerometerDataView.swift; sourceTree = "<group>"; };
		616E112D2BA46E8400C727D6 /* GoogleService-Info.plist */ = {isa = PBXFileReference; fileEncoding = 4; lastKnownFileType = text.plist.xml; path = "GoogleService-Info.plist"; sourceTree = "<group>"; };
		616E112F2BA47A4C00C727D6 /* AuthViewModel.swift */ = {isa = PBXFileReference; lastKnownFileType = sourcecode.swift; path = AuthViewModel.swift; sourceTree = "<group>"; };
		616E11312BA47A9D00C727D6 /* LoginView.swift */ = {isa = PBXFileReference; lastKnownFileType = sourcecode.swift; path = LoginView.swift; sourceTree = "<group>"; };
		6177F5A72BD18C4E00F121C6 /* LoadingView.swift */ = {isa = PBXFileReference; lastKnownFileType = sourcecode.swift; path = LoadingView.swift; sourceTree = "<group>"; };
		61841D582B06C2F200AA90DC /* Workplace Health Monitor.app */ = {isa = PBXFileReference; explicitFileType = wrapper.application; includeInIndex = 0; path = "Workplace Health Monitor.app"; sourceTree = BUILT_PRODUCTS_DIR; };
		61841D5B2B06C2F200AA90DC /* Workplace_Health_MonitorApp.swift */ = {isa = PBXFileReference; lastKnownFileType = sourcecode.swift; path = Workplace_Health_MonitorApp.swift; sourceTree = "<group>"; };
		61841D5D2B06C2F200AA90DC /* MotionActivityView.swift */ = {isa = PBXFileReference; lastKnownFileType = sourcecode.swift; path = MotionActivityView.swift; sourceTree = "<group>"; };
		61841D5F2B06C2F300AA90DC /* Assets.xcassets */ = {isa = PBXFileReference; lastKnownFileType = folder.assetcatalog; path = Assets.xcassets; sourceTree = "<group>"; };
		61841D622B06C2F300AA90DC /* Preview Assets.xcassets */ = {isa = PBXFileReference; lastKnownFileType = folder.assetcatalog; path = "Preview Assets.xcassets"; sourceTree = "<group>"; };
		61841D862B06C77B00AA90DC /* CoreMotion.framework */ = {isa = PBXFileReference; lastKnownFileType = wrapper.framework; name = CoreMotion.framework; path = System/Library/Frameworks/CoreMotion.framework; sourceTree = SDKROOT; };
		61841D882B06C87100AA90DC /* ActivityViewModel.swift */ = {isa = PBXFileReference; lastKnownFileType = sourcecode.swift; path = ActivityViewModel.swift; sourceTree = "<group>"; };
		61841D8D2B06CB6000AA90DC /* Workplace-Health-Monitor-Info.plist */ = {isa = PBXFileReference; lastKnownFileType = text.plist.xml; name = "Workplace-Health-Monitor-Info.plist"; path = "Workplace Health Monitor/Workplace-Health-Monitor-Info.plist"; sourceTree = SOURCE_ROOT; };
		61841D8E2B06CE4400AA90DC /* Workplace Health Monitor.entitlements */ = {isa = PBXFileReference; lastKnownFileType = text.plist.entitlements; path = "Workplace Health Monitor.entitlements"; sourceTree = "<group>"; };
		61841D8F2B06CEDA00AA90DC /* StepCounterView.swift */ = {isa = PBXFileReference; lastKnownFileType = sourcecode.swift; path = StepCounterView.swift; sourceTree = "<group>"; };
		61A84E002B194E2500F6078C /* HomeView.swift */ = {isa = PBXFileReference; lastKnownFileType = sourcecode.swift; path = HomeView.swift; sourceTree = "<group>"; };
		61A84E062B1965C500F6078C /* ActivityTrackerViewModel.swift */ = {isa = PBXFileReference; lastKnownFileType = sourcecode.swift; path = ActivityTrackerViewModel.swift; sourceTree = "<group>"; };
		61CFFE462B9640010076948C /* MotionManager.swift */ = {isa = PBXFileReference; lastKnownFileType = sourcecode.swift; path = MotionManager.swift; sourceTree = "<group>"; };
/* End PBXFileReference section */

/* Begin PBXFrameworksBuildPhase section */
		61841D552B06C2F200AA90DC /* Frameworks */ = {
			isa = PBXFrameworksBuildPhase;
			buildActionMask = 2147483647;
			files = (
				61841D872B06C77B00AA90DC /* CoreMotion.framework in Frameworks */,
				6163BBC72B9A15F500A3EF93 /* FirebaseAuth in Frameworks */,
				6163BBCD2B9A15F500A3EF93 /* FirebaseMLModelDownloader in Frameworks */,
				6163BBC92B9A15F500A3EF93 /* FirebaseFirestore in Frameworks */,
				6163BBCB2B9A15F500A3EF93 /* FirebaseFirestoreSwift in Frameworks */,
			);
			runOnlyForDeploymentPostprocessing = 0;
		};
/* End PBXFrameworksBuildPhase section */

/* Begin PBXGroup section */
		61841D4F2B06C2F200AA90DC = {
			isa = PBXGroup;
			children = (
				61841D5A2B06C2F200AA90DC /* Workplace Health Monitor */,
				61841D592B06C2F200AA90DC /* Products */,
				61841D852B06C77B00AA90DC /* Frameworks */,
			);
			sourceTree = "<group>";
		};
		61841D592B06C2F200AA90DC /* Products */ = {
			isa = PBXGroup;
			children = (
				61841D582B06C2F200AA90DC /* Workplace Health Monitor.app */,
			);
			name = Products;
			sourceTree = "<group>";
		};
		61841D5A2B06C2F200AA90DC /* Workplace Health Monitor */ = {
			isa = PBXGroup;
			children = (
				616E112D2BA46E8400C727D6 /* GoogleService-Info.plist */,
				61841D8D2B06CB6000AA90DC /* Workplace-Health-Monitor-Info.plist */,
				61841D8E2B06CE4400AA90DC /* Workplace Health Monitor.entitlements */,
				61A84DFF2B194CE700F6078C /* ViewModels */,
				61A84DFD2B194CCD00F6078C /* Views */,
				61A84DFC2B194C9D00F6078C /* App */,
				61841D5F2B06C2F300AA90DC /* Assets.xcassets */,
				61841D612B06C2F300AA90DC /* Preview Content */,
			);
			path = "Workplace Health Monitor";
			sourceTree = "<group>";
		};
		61841D612B06C2F300AA90DC /* Preview Content */ = {
			isa = PBXGroup;
			children = (
				61841D622B06C2F300AA90DC /* Preview Assets.xcassets */,
			);
			path = "Preview Content";
			sourceTree = "<group>";
		};
		61841D852B06C77B00AA90DC /* Frameworks */ = {
			isa = PBXGroup;
			children = (
				61841D862B06C77B00AA90DC /* CoreMotion.framework */,
			);
			name = Frameworks;
			sourceTree = "<group>";
		};
		61A84DFC2B194C9D00F6078C /* App */ = {
			isa = PBXGroup;
			children = (
				61841D5B2B06C2F200AA90DC /* Workplace_Health_MonitorApp.swift */,
			);
			path = App;
			sourceTree = "<group>";
		};
		61A84DFD2B194CCD00F6078C /* Views */ = {
			isa = PBXGroup;
			children = (
				6132EB9A2B0F97F900263101 /* MainView.swift */,
				61841D5D2B06C2F200AA90DC /* MotionActivityView.swift */,
				61841D8F2B06CEDA00AA90DC /* StepCounterView.swift */,
				61A84E002B194E2500F6078C /* HomeView.swift */,
				6163BBC32B9A038F00A3EF93 /* AccelerometerDataView.swift */,
				61319EB52BA46AEE000F7B23 /* SettingsView.swift */,
				616E11312BA47A9D00C727D6 /* LoginView.swift */,
				6177F5A72BD18C4E00F121C6 /* LoadingView.swift */,
			);
			path = Views;
			sourceTree = "<group>";
		};
		61A84DFF2B194CE700F6078C /* ViewModels */ = {
			isa = PBXGroup;
			children = (
				61841D882B06C87100AA90DC /* ActivityViewModel.swift */,
				61A84E062B1965C500F6078C /* ActivityTrackerViewModel.swift */,
				61CFFE462B9640010076948C /* MotionManager.swift */,
				61319EB32BA46AB7000F7B23 /* SettingsViewModel.swift */,
				616E112F2BA47A4C00C727D6 /* AuthViewModel.swift */,
			);
			path = ViewModels;
			sourceTree = "<group>";
		};
/* End PBXGroup section */

/* Begin PBXNativeTarget section */
		61841D572B06C2F200AA90DC /* Workplace Health Monitor */ = {
			isa = PBXNativeTarget;
			buildConfigurationList = 61841D7C2B06C2F300AA90DC /* Build configuration list for PBXNativeTarget "Workplace Health Monitor" */;
			buildPhases = (
				61841D542B06C2F200AA90DC /* Sources */,
				61841D552B06C2F200AA90DC /* Frameworks */,
				61841D562B06C2F200AA90DC /* Resources */,
			);
			buildRules = (
			);
			dependencies = (
			);
			name = "Workplace Health Monitor";
			packageProductDependencies = (
				6163BBC62B9A15F500A3EF93 /* FirebaseAuth */,
				6163BBC82B9A15F500A3EF93 /* FirebaseFirestore */,
				6163BBCA2B9A15F500A3EF93 /* FirebaseFirestoreSwift */,
				6163BBCC2B9A15F500A3EF93 /* FirebaseMLModelDownloader */,
			);
			productName = "Workplace Health Monitor";
			productReference = 61841D582B06C2F200AA90DC /* Workplace Health Monitor.app */;
			productType = "com.apple.product-type.application";
		};
/* End PBXNativeTarget section */

/* Begin PBXProject section */
		61841D502B06C2F200AA90DC /* Project object */ = {
			isa = PBXProject;
			attributes = {
				BuildIndependentTargetsInParallel = 1;
				LastSwiftUpdateCheck = 1500;
				LastUpgradeCheck = 1500;
				TargetAttributes = {
					61841D572B06C2F200AA90DC = {
						CreatedOnToolsVersion = 15.0.1;
					};
				};
			};
			buildConfigurationList = 61841D532B06C2F200AA90DC /* Build configuration list for PBXProject "Workplace Health Monitor" */;
			compatibilityVersion = "Xcode 14.0";
			developmentRegion = en;
			hasScannedForEncodings = 0;
			knownRegions = (
				en,
				Base,
			);
			mainGroup = 61841D4F2B06C2F200AA90DC;
			packageReferences = (
				6163BBC52B9A15F500A3EF93 /* XCRemoteSwiftPackageReference "firebase-ios-sdk" */,
			);
			productRefGroup = 61841D592B06C2F200AA90DC /* Products */;
			projectDirPath = "";
			projectRoot = "";
			targets = (
				61841D572B06C2F200AA90DC /* Workplace Health Monitor */,
			);
		};
/* End PBXProject section */

/* Begin PBXResourcesBuildPhase section */
		61841D562B06C2F200AA90DC /* Resources */ = {
			isa = PBXResourcesBuildPhase;
			buildActionMask = 2147483647;
			files = (
				61841D632B06C2F300AA90DC /* Preview Assets.xcassets in Resources */,
				61841D602B06C2F300AA90DC /* Assets.xcassets in Resources */,
				616E112E2BA46E8400C727D6 /* GoogleService-Info.plist in Resources */,
			);
			runOnlyForDeploymentPostprocessing = 0;
		};
/* End PBXResourcesBuildPhase section */

/* Begin PBXSourcesBuildPhase section */
		61841D542B06C2F200AA90DC /* Sources */ = {
			isa = PBXSourcesBuildPhase;
			buildActionMask = 2147483647;
			files = (
				61841D5E2B06C2F200AA90DC /* MotionActivityView.swift in Sources */,
				61841D5C2B06C2F200AA90DC /* Workplace_Health_MonitorApp.swift in Sources */,
				61841D892B06C87100AA90DC /* ActivityViewModel.swift in Sources */,
				61A84E012B194E2500F6078C /* HomeView.swift in Sources */,
				6132EB9B2B0F97F900263101 /* MainView.swift in Sources */,
				6177F5A82BD18C4E00F121C6 /* LoadingView.swift in Sources */,
				61319EB42BA46AB7000F7B23 /* SettingsViewModel.swift in Sources */,
				61A84E072B1965C500F6078C /* ActivityTrackerViewModel.swift in Sources */,
				61841D902B06CEDA00AA90DC /* StepCounterView.swift in Sources */,
				616E11302BA47A4C00C727D6 /* AuthViewModel.swift in Sources */,
				6163BBC42B9A038F00A3EF93 /* AccelerometerDataView.swift in Sources */,
				616E11322BA47A9D00C727D6 /* LoginView.swift in Sources */,
				61CFFE472B9640010076948C /* MotionManager.swift in Sources */,
				61319EB62BA46AEE000F7B23 /* SettingsView.swift in Sources */,
			);
			runOnlyForDeploymentPostprocessing = 0;
		};
/* End PBXSourcesBuildPhase section */

/* Begin XCBuildConfiguration section */
		61841D7A2B06C2F300AA90DC /* Debug */ = {
			isa = XCBuildConfiguration;
			buildSettings = {
				ALWAYS_SEARCH_USER_PATHS = NO;
				ASSETCATALOG_COMPILER_GENERATE_SWIFT_ASSET_SYMBOL_EXTENSIONS = YES;
				CLANG_ANALYZER_NONNULL = YES;
				CLANG_ANALYZER_NUMBER_OBJECT_CONVERSION = YES_AGGRESSIVE;
				CLANG_CXX_LANGUAGE_STANDARD = "gnu++20";
				CLANG_ENABLE_MODULES = YES;
				CLANG_ENABLE_OBJC_ARC = YES;
				CLANG_ENABLE_OBJC_WEAK = YES;
				CLANG_WARN_BLOCK_CAPTURE_AUTORELEASING = YES;
				CLANG_WARN_BOOL_CONVERSION = YES;
				CLANG_WARN_COMMA = YES;
				CLANG_WARN_CONSTANT_CONVERSION = YES;
				CLANG_WARN_DEPRECATED_OBJC_IMPLEMENTATIONS = YES;
				CLANG_WARN_DIRECT_OBJC_ISA_USAGE = YES_ERROR;
				CLANG_WARN_DOCUMENTATION_COMMENTS = YES;
				CLANG_WARN_EMPTY_BODY = YES;
				CLANG_WARN_ENUM_CONVERSION = YES;
				CLANG_WARN_INFINITE_RECURSION = YES;
				CLANG_WARN_INT_CONVERSION = YES;
				CLANG_WARN_NON_LITERAL_NULL_CONVERSION = YES;
				CLANG_WARN_OBJC_IMPLICIT_RETAIN_SELF = YES;
				CLANG_WARN_OBJC_LITERAL_CONVERSION = YES;
				CLANG_WARN_OBJC_ROOT_CLASS = YES_ERROR;
				CLANG_WARN_QUOTED_INCLUDE_IN_FRAMEWORK_HEADER = YES;
				CLANG_WARN_RANGE_LOOP_ANALYSIS = YES;
				CLANG_WARN_STRICT_PROTOTYPES = YES;
				CLANG_WARN_SUSPICIOUS_MOVE = YES;
				CLANG_WARN_UNGUARDED_AVAILABILITY = YES_AGGRESSIVE;
				CLANG_WARN_UNREACHABLE_CODE = YES;
				CLANG_WARN__DUPLICATE_METHOD_MATCH = YES;
				COPY_PHASE_STRIP = NO;
				DEBUG_INFORMATION_FORMAT = dwarf;
				ENABLE_STRICT_OBJC_MSGSEND = YES;
				ENABLE_TESTABILITY = YES;
				ENABLE_USER_SCRIPT_SANDBOXING = YES;
				GCC_C_LANGUAGE_STANDARD = gnu17;
				GCC_DYNAMIC_NO_PIC = NO;
				GCC_NO_COMMON_BLOCKS = YES;
				GCC_OPTIMIZATION_LEVEL = 0;
				GCC_PREPROCESSOR_DEFINITIONS = (
					"DEBUG=1",
					"$(inherited)",
				);
				GCC_WARN_64_TO_32_BIT_CONVERSION = YES;
				GCC_WARN_ABOUT_RETURN_TYPE = YES_ERROR;
				GCC_WARN_UNDECLARED_SELECTOR = YES;
				GCC_WARN_UNINITIALIZED_AUTOS = YES_AGGRESSIVE;
				GCC_WARN_UNUSED_FUNCTION = YES;
				GCC_WARN_UNUSED_VARIABLE = YES;
				IPHONEOS_DEPLOYMENT_TARGET = 17.0;
				LOCALIZATION_PREFERS_STRING_CATALOGS = YES;
				MTL_ENABLE_DEBUG_INFO = INCLUDE_SOURCE;
				MTL_FAST_MATH = YES;
				ONLY_ACTIVE_ARCH = YES;
				SDKROOT = iphoneos;
				SWIFT_ACTIVE_COMPILATION_CONDITIONS = "DEBUG $(inherited)";
				SWIFT_OPTIMIZATION_LEVEL = "-Onone";
			};
			name = Debug;
		};
		61841D7B2B06C2F300AA90DC /* Release */ = {
			isa = XCBuildConfiguration;
			buildSettings = {
				ALWAYS_SEARCH_USER_PATHS = NO;
				ASSETCATALOG_COMPILER_GENERATE_SWIFT_ASSET_SYMBOL_EXTENSIONS = YES;
				CLANG_ANALYZER_NONNULL = YES;
				CLANG_ANALYZER_NUMBER_OBJECT_CONVERSION = YES_AGGRESSIVE;
				CLANG_CXX_LANGUAGE_STANDARD = "gnu++20";
				CLANG_ENABLE_MODULES = YES;
				CLANG_ENABLE_OBJC_ARC = YES;
				CLANG_ENABLE_OBJC_WEAK = YES;
				CLANG_WARN_BLOCK_CAPTURE_AUTORELEASING = YES;
				CLANG_WARN_BOOL_CONVERSION = YES;
				CLANG_WARN_COMMA = YES;
				CLANG_WARN_CONSTANT_CONVERSION = YES;
				CLANG_WARN_DEPRECATED_OBJC_IMPLEMENTATIONS = YES;
				CLANG_WARN_DIRECT_OBJC_ISA_USAGE = YES_ERROR;
				CLANG_WARN_DOCUMENTATION_COMMENTS = YES;
				CLANG_WARN_EMPTY_BODY = YES;
				CLANG_WARN_ENUM_CONVERSION = YES;
				CLANG_WARN_INFINITE_RECURSION = YES;
				CLANG_WARN_INT_CONVERSION = YES;
				CLANG_WARN_NON_LITERAL_NULL_CONVERSION = YES;
				CLANG_WARN_OBJC_IMPLICIT_RETAIN_SELF = YES;
				CLANG_WARN_OBJC_LITERAL_CONVERSION = YES;
				CLANG_WARN_OBJC_ROOT_CLASS = YES_ERROR;
				CLANG_WARN_QUOTED_INCLUDE_IN_FRAMEWORK_HEADER = YES;
				CLANG_WARN_RANGE_LOOP_ANALYSIS = YES;
				CLANG_WARN_STRICT_PROTOTYPES = YES;
				CLANG_WARN_SUSPICIOUS_MOVE = YES;
				CLANG_WARN_UNGUARDED_AVAILABILITY = YES_AGGRESSIVE;
				CLANG_WARN_UNREACHABLE_CODE = YES;
				CLANG_WARN__DUPLICATE_METHOD_MATCH = YES;
				COPY_PHASE_STRIP = NO;
				DEBUG_INFORMATION_FORMAT = "dwarf-with-dsym";
				ENABLE_NS_ASSERTIONS = NO;
				ENABLE_STRICT_OBJC_MSGSEND = YES;
				ENABLE_USER_SCRIPT_SANDBOXING = YES;
				GCC_C_LANGUAGE_STANDARD = gnu17;
				GCC_NO_COMMON_BLOCKS = YES;
				GCC_WARN_64_TO_32_BIT_CONVERSION = YES;
				GCC_WARN_ABOUT_RETURN_TYPE = YES_ERROR;
				GCC_WARN_UNDECLARED_SELECTOR = YES;
				GCC_WARN_UNINITIALIZED_AUTOS = YES_AGGRESSIVE;
				GCC_WARN_UNUSED_FUNCTION = YES;
				GCC_WARN_UNUSED_VARIABLE = YES;
				IPHONEOS_DEPLOYMENT_TARGET = 17.0;
				LOCALIZATION_PREFERS_STRING_CATALOGS = YES;
				MTL_ENABLE_DEBUG_INFO = NO;
				MTL_FAST_MATH = YES;
				SDKROOT = iphoneos;
				SWIFT_COMPILATION_MODE = wholemodule;
				VALIDATE_PRODUCT = YES;
			};
			name = Release;
		};
		61841D7D2B06C2F300AA90DC /* Debug */ = {
			isa = XCBuildConfiguration;
			buildSettings = {
				ASSETCATALOG_COMPILER_APPICON_NAME = AppIcon;
				ASSETCATALOG_COMPILER_GLOBAL_ACCENT_COLOR_NAME = AccentColor;
				CODE_SIGN_ENTITLEMENTS = "Workplace Health Monitor/Workplace Health Monitor.entitlements";
				CODE_SIGN_STYLE = Automatic;
				CURRENT_PROJECT_VERSION = 1;
				DEVELOPMENT_ASSET_PATHS = "\"Workplace Health Monitor/Preview Content\"";
				DEVELOPMENT_TEAM = U66368G9AP;
				ENABLE_PREVIEWS = YES;
				GENERATE_INFOPLIST_FILE = YES;
				INFOPLIST_FILE = "Workplace Health Monitor/Workplace-Health-Monitor-Info.plist";
				INFOPLIST_KEY_UIApplicationSceneManifest_Generation = YES;
				INFOPLIST_KEY_UIApplicationSupportsIndirectInputEvents = YES;
				INFOPLIST_KEY_UILaunchScreen_Generation = YES;
				INFOPLIST_KEY_UISupportedInterfaceOrientations_iPad = "UIInterfaceOrientationPortrait UIInterfaceOrientationPortraitUpsideDown UIInterfaceOrientationLandscapeLeft UIInterfaceOrientationLandscapeRight";
				INFOPLIST_KEY_UISupportedInterfaceOrientations_iPhone = "UIInterfaceOrientationPortrait UIInterfaceOrientationLandscapeLeft UIInterfaceOrientationLandscapeRight";
				LD_RUNPATH_SEARCH_PATHS = (
					"$(inherited)",
					"@executable_path/Frameworks",
				);
				MARKETING_VERSION = 1.0;
				PRODUCT_BUNDLE_IDENTIFIER = "com.tayab.naheed.Workplace-Health-Monitor";
				PRODUCT_NAME = "$(TARGET_NAME)";
				SWIFT_EMIT_LOC_STRINGS = YES;
				SWIFT_VERSION = 5.0;
				TARGETED_DEVICE_FAMILY = "1,2";
			};
			name = Debug;
		};
		61841D7E2B06C2F300AA90DC /* Release */ = {
			isa = XCBuildConfiguration;
			buildSettings = {
				ASSETCATALOG_COMPILER_APPICON_NAME = AppIcon;
				ASSETCATALOG_COMPILER_GLOBAL_ACCENT_COLOR_NAME = AccentColor;
				CODE_SIGN_ENTITLEMENTS = "Workplace Health Monitor/Workplace Health Monitor.entitlements";
				CODE_SIGN_STYLE = Automatic;
				CURRENT_PROJECT_VERSION = 1;
				DEVELOPMENT_ASSET_PATHS = "\"Workplace Health Monitor/Preview Content\"";
				DEVELOPMENT_TEAM = U66368G9AP;
				ENABLE_PREVIEWS = YES;
				GENERATE_INFOPLIST_FILE = YES;
				INFOPLIST_FILE = "Workplace Health Monitor/Workplace-Health-Monitor-Info.plist";
				INFOPLIST_KEY_UIApplicationSceneManifest_Generation = YES;
				INFOPLIST_KEY_UIApplicationSupportsIndirectInputEvents = YES;
				INFOPLIST_KEY_UILaunchScreen_Generation = YES;
				INFOPLIST_KEY_UISupportedInterfaceOrientations_iPad = "UIInterfaceOrientationPortrait UIInterfaceOrientationPortraitUpsideDown UIInterfaceOrientationLandscapeLeft UIInterfaceOrientationLandscapeRight";
				INFOPLIST_KEY_UISupportedInterfaceOrientations_iPhone = "UIInterfaceOrientationPortrait UIInterfaceOrientationLandscapeLeft UIInterfaceOrientationLandscapeRight";
				LD_RUNPATH_SEARCH_PATHS = (
					"$(inherited)",
					"@executable_path/Frameworks",
				);
				MARKETING_VERSION = 1.0;
				PRODUCT_BUNDLE_IDENTIFIER = "com.tayab.naheed.Workplace-Health-Monitor";
				PRODUCT_NAME = "$(TARGET_NAME)";
				SWIFT_EMIT_LOC_STRINGS = YES;
				SWIFT_VERSION = 5.0;
				TARGETED_DEVICE_FAMILY = "1,2";
			};
			name = Release;
		};
/* End XCBuildConfiguration section */

/* Begin XCConfigurationList section */
		61841D532B06C2F200AA90DC /* Build configuration list for PBXProject "Workplace Health Monitor" */ = {
			isa = XCConfigurationList;
			buildConfigurations = (
				61841D7A2B06C2F300AA90DC /* Debug */,
				61841D7B2B06C2F300AA90DC /* Release */,
			);
			defaultConfigurationIsVisible = 0;
			defaultConfigurationName = Release;
		};
		61841D7C2B06C2F300AA90DC /* Build configuration list for PBXNativeTarget "Workplace Health Monitor" */ = {
			isa = XCConfigurationList;
			buildConfigurations = (
				61841D7D2B06C2F300AA90DC /* Debug */,
				61841D7E2B06C2F300AA90DC /* Release */,
			);
			defaultConfigurationIsVisible = 0;
			defaultConfigurationName = Release;
		};
/* End XCConfigurationList section */

/* Begin XCRemoteSwiftPackageReference section */
		6163BBC52B9A15F500A3EF93 /* XCRemoteSwiftPackageReference "firebase-ios-sdk" */ = {
			isa = XCRemoteSwiftPackageReference;
			repositoryURL = "https://github.com/firebase/firebase-ios-sdk";
			requirement = {
				kind = upToNextMajorVersion;
				minimumVersion = 10.22.0;
			};
		};
/* End XCRemoteSwiftPackageReference section */

/* Begin XCSwiftPackageProductDependency section */
		6163BBC62B9A15F500A3EF93 /* FirebaseAuth */ = {
			isa = XCSwiftPackageProductDependency;
			package = 6163BBC52B9A15F500A3EF93 /* XCRemoteSwiftPackageReference "firebase-ios-sdk" */;
			productName = FirebaseAuth;
		};
		6163BBC82B9A15F500A3EF93 /* FirebaseFirestore */ = {
			isa = XCSwiftPackageProductDependency;
			package = 6163BBC52B9A15F500A3EF93 /* XCRemoteSwiftPackageReference "firebase-ios-sdk" */;
			productName = FirebaseFirestore;
		};
		6163BBCA2B9A15F500A3EF93 /* FirebaseFirestoreSwift */ = {
			isa = XCSwiftPackageProductDependency;
			package = 6163BBC52B9A15F500A3EF93 /* XCRemoteSwiftPackageReference "firebase-ios-sdk" */;
			productName = FirebaseFirestoreSwift;
		};
		6163BBCC2B9A15F500A3EF93 /* FirebaseMLModelDownloader */ = {
			isa = XCSwiftPackageProductDependency;
			package = 6163BBC52B9A15F500A3EF93 /* XCRemoteSwiftPackageReference "firebase-ios-sdk" */;
			productName = FirebaseMLModelDownloader;
		};
/* End XCSwiftPackageProductDependency section */
	};
	rootObject = 61841D502B06C2F200AA90DC /* Project object */;
}
